<?xml version="1.0" encoding="utf-8"?>
<Project ToolsVersion="4.0" xmlns="http://schemas.microsoft.com/developer/msbuild/2003">
  <ItemGroup>
    <Filter Include="源文件">
      <UniqueIdentifier>{4FC737F1-C7A5-4376-A066-2A32D752A2FF}</UniqueIdentifier>
      <Extensions>cpp;c;cc;cxx;c++;cppm;ixx;def;odl;idl;hpj;bat;asm;asmx</Extensions>
    </Filter>
    <Filter Include="头文件">
      <UniqueIdentifier>{93995380-89BD-4b04-88EB-625FBE52EBFB}</UniqueIdentifier>
      <Extensions>h;hh;hpp;hxx;h++;hm;inl;inc;ipp;xsd</Extensions>
    </Filter>
    <Filter Include="资源文件">
      <UniqueIdentifier>{67DA6AB6-F800-4c08-8B7A-83BB121AAD01}</UniqueIdentifier>
      <Extensions>rc;ico;cur;bmp;dlg;rc2;rct;bin;rgs;gif;jpg;jpeg;jpe;resx;tiff;tif;png;wav;mfcribbon-ms</Extensions>
    </Filter>
  </ItemGroup>
  <ItemGroup>
    <ClCompile Include="main.cpp">
      <Filter>源文件</Filter>
    </ClCompile>
    <ClCompile Include="Utils.cpp">
      <Filter>源文件</Filter>
    </ClCompile>
    <ClCompile Include="controllers\DebugRoute.cpp">
      <Filter>源文件</Filter>
    </ClCompile>
    <ClCompile Include="middleware\CorsMiddleware.cpp">
      <Filter>源文件</Filter>
    </ClCompile>
    <ClCompile Include="controllers\Authentication.cpp">
      <Filter>源文件</Filter>
    </ClCompile>
    <ClCompile Include="controllers\EchoController.cpp">
      <Filter>源文件</Filter>
    </ClCompile>
    <ClCompile Include="manager\ConnectionManager.cpp">
      <Filter>源文件</Filter>
    </ClCompile>
    <ClCompile Include="controllers\PublicChatController.cpp">
      <Filter>源文件</Filter>
    </ClCompile>
    <ClCompile Include="pch.cpp">
      <Filter>源文件</Filter>
    </ClCompile>
    <ClCompile Include="controllers\FileController.cpp">
      <Filter>源文件</Filter>
    </ClCompile>
    <ClCompile Include="manager\FileManager.cpp">
      <Filter>源文件</Filter>
    </ClCompile>
    <ClCompile Include="models\Users.cc">
      <Filter>源文件</Filter>
    </ClCompile>
    <ClCompile Include="models\ChatRecords.cc">
      <Filter>源文件</Filter>
    </ClCompile>
    <ClCompile Include="manager\DatabaseManager.cpp">
      <Filter>源文件</Filter>
    </ClCompile>
    <ClCompile Include="controllers\ChatController.cpp">
      <Filter>源文件</Filter>
    </ClCompile>
    <ClCompile Include="manager\SendManager.cpp">
      <Filter>源文件</Filter>
    </ClCompile>
    <ClCompile Include="models\GroupMembers.cc">
      <Filter>源文件</Filter>
    </ClCompile>
    <ClCompile Include="models\Groups.cc">
      <Filter>源文件</Filter>
    </ClCompile>
    <ClCompile Include="models\Relationships.cc">
      <Filter>源文件</Filter>
    </ClCompile>
    <ClCompile Include="controllers\RelationshipController.cpp">
      <Filter>源文件</Filter>
    </ClCompile>
    <ClCompile Include="filter\TokenVerifyFilter.cpp">
      <Filter>源文件</Filter>
    </ClCompile>
    <ClCompile Include="manager\NotificationManager.cpp">
      <Filter>源文件</Filter>
    </ClCompile>
    <ClCompile Include="RelationshipService.cpp">
      <Filter>源文件</Filter>
    </ClCompile>
    <ClCompile Include="DTOs\MessageDTO.cpp">
      <Filter>源文件</Filter>
    </ClCompile>
    <ClCompile Include="DTOs\NotificationDTO.cpp">
      <Filter>源文件</Filter>
    </ClCompile>
    <ClCompile Include="DTOs\RelationshipDTO.cpp">
      <Filter>源文件</Filter>
    </ClCompile>
    <ClCompile Include="models\Notifications.cc">
      <Filter>源文件</Filter>
    </ClCompile>
    <ClCompile Include="ChatRecordsManager.cpp">
      <Filter>源文件</Filter>
    </ClCompile>
    <ClCompile Include="models\GroupChats.cc">
      <Filter>源文件</Filter>
    </ClCompile>
    <ClCompile Include="models\Messages.cc">
      <Filter>源文件</Filter>
    </ClCompile>
    <ClCompile Include="models\PrivateChats.cc">
      <Filter>源文件</Filter>
    </ClCompile>
    <ClCompile Include="models\Threads.cc">
      <Filter>源文件</Filter>
    </ClCompile>
    <ClCompile Include="manager\MessageManager.cpp">
      <Filter>源文件</Filter>
    </ClCompile>
    <ClCompile Include="controllers\ThreadController.cpp">
      <Filter>源文件</Filter>
    </ClCompile>
    <ClCompile Include="manager\ThreadManager.cpp">
      <Filter>源文件</Filter>
    </ClCompile>
    <ClCompile Include="MsgDispatcher.cpp">
      <Filter>源文件</Filter>
    </ClCompile>
  </ItemGroup>
  <ItemGroup>
    <ClInclude Include="Utils.h">
      <Filter>头文件</Filter>
    </ClInclude>
    <ClInclude Include="controllers\DebugRoute.h">
      <Filter>头文件</Filter>
    </ClInclude>
    <ClInclude Include="middleware\CorsMiddleware.h">
      <Filter>头文件</Filter>
    </ClInclude>
    <ClInclude Include="controllers\Authentication.h">
      <Filter>头文件</Filter>
    </ClInclude>
    <ClInclude Include="controllers\EchoController.h">
      <Filter>头文件</Filter>
    </ClInclude>
    <ClInclude Include="manager\ConnectionManager.h">
      <Filter>头文件</Filter>
    </ClInclude>
    <ClInclude Include="controllers\PublicChatController.h">
      <Filter>头文件</Filter>
    </ClInclude>
    <ClInclude Include="pch.h">
      <Filter>头文件</Filter>
    </ClInclude>
    <ClInclude Include="controllers\FileController.h">
      <Filter>头文件</Filter>
    </ClInclude>
    <ClInclude Include="manager\FileManager.h">
      <Filter>头文件</Filter>
    </ClInclude>
    <ClInclude Include="const.h">
      <Filter>头文件</Filter>
    </ClInclude>
    <ClInclude Include="models\Users.h">
      <Filter>头文件</Filter>
    </ClInclude>
    <ClInclude Include="models\ChatRecords.h">
      <Filter>头文件</Filter>
    </ClInclude>
    <ClInclude Include="manager\DatabaseManager.h">
      <Filter>头文件</Filter>
    </ClInclude>
    <ClInclude Include="controllers\ChatController.h">
      <Filter>头文件</Filter>
    </ClInclude>
    <ClInclude Include="manager\SendManager.h">
      <Filter>头文件</Filter>
    </ClInclude>
    <ClInclude Include="models\GroupMembers.h">
      <Filter>头文件</Filter>
    </ClInclude>
    <ClInclude Include="models\Groups.h">
      <Filter>头文件</Filter>
    </ClInclude>
    <ClInclude Include="models\Relationships.h">
      <Filter>头文件</Filter>
    </ClInclude>
    <ClInclude Include="controllers\RelationshipController.h">
      <Filter>头文件</Filter>
    </ClInclude>
    <ClInclude Include="filter\TokenVerifyFilter.h">
      <Filter>头文件</Filter>
    </ClInclude>
    <ClInclude Include="manager\NotificationManager.h">
      <Filter>头文件</Filter>
    </ClInclude>
    <ClInclude Include="RelationshipService.h">
      <Filter>头文件</Filter>
    </ClInclude>
    <ClInclude Include="DTOs\MessageDTO.h">
      <Filter>头文件</Filter>
    </ClInclude>
    <ClInclude Include="DTOs\NotificationDTO.h">
      <Filter>头文件</Filter>
    </ClInclude>
    <ClInclude Include="DTOs\RelationshipDTO.h">
      <Filter>头文件</Filter>
    </ClInclude>
    <ClInclude Include="models\Notifications.h">
      <Filter>头文件</Filter>
    </ClInclude>
    <ClInclude Include="ChatRecordsManager.h">
      <Filter>头文件</Filter>
    </ClInclude>
    <ClInclude Include="models\GroupChats.h">
      <Filter>头文件</Filter>
    </ClInclude>
    <ClInclude Include="models\Messages.h">
      <Filter>头文件</Filter>
    </ClInclude>
    <ClInclude Include="models\PrivateChats.h">
      <Filter>头文件</Filter>
    </ClInclude>
    <ClInclude Include="models\Threads.h">
      <Filter>头文件</Filter>
    </ClInclude>
    <ClInclude Include="manager\MessageManager.h">
      <Filter>头文件</Filter>
    </ClInclude>
    <ClInclude Include="resource.h">
      <Filter>头文件</Filter>
    </ClInclude>
    <ClInclude Include="controllers\ThreadController.h">
      <Filter>头文件</Filter>
    </ClInclude>
    <ClInclude Include="manager\ThreadManager.h">
      <Filter>头文件</Filter>
    </ClInclude>
    <ClInclude Include="MsgDispatcher.h">
      <Filter>头文件</Filter>
    </ClInclude>
  </ItemGroup>
  <ItemGroup>
    <None Include="models\model.json" />
  </ItemGroup>
  <ItemGroup>
    <ResourceCompile Include="ChatServer.rc">
      <Filter>资源文件</Filter>
    </ResourceCompile>
  </ItemGroup>
</Project>