<?xml version="1.0" encoding="utf-8"?>
<Project ToolsVersion="4.0" xmlns="http://schemas.microsoft.com/developer/msbuild/2003">
  <ItemGroup>
    <ClCompile Include="middleware\CORSMiddleware.cpp" />
    <ClCompile Include="Common\ChatMessage.cpp" />
    <ClCompile Include="Common\ChatThread.cpp" />
    <ClCompile Include="Container.cpp" />
    <ClCompile Include="Common\AIRequestMsg.cpp" />
    <ClCompile Include="controllers\Authentication.cpp" />
    <ClCompile Include="controllers\FileController.cpp" />
    <ClCompile Include="Service\MessageService.cpp" />
    <ClCompile Include="Service\FileService.cpp" />
    <ClCompile Include="Service\ConnectionService.cpp" />
    <ClCompile Include="main.cpp" />
    <ClCompile Include="controllers\ChatController.cpp" />
    <ClCompile Include="models\AiChats.cc" />
    <ClCompile Include="models\GroupChats.cc" />
    <ClCompile Include="models\GroupMembers.cc" />
    <ClCompile Include="models\Messages.cc" />
    <ClCompile Include="models\PrivateChats.cc" />
    <ClCompile Include="models\Threads.cc" />
    <ClCompile Include="models\Users.cc" />
    <ClCompile Include="pch.cpp" />
    <ClCompile Include="filter\TokenVerifyFilter.cpp" />
    <ClCompile Include="controllers\ThreadController.cpp" />
    <ClCompile Include="Data\SQLiteUserRepository.cpp" />
    <ClCompile Include="Common\User.cpp" />
    <ClCompile Include="Service\ThreadService.cpp" />
    <ClCompile Include="Service\UserService.cpp" />
    <ClCompile Include="Data\SQLiteThreadRepository.cpp" />
    <ClCompile Include="Data\SQLiteMessageRepository.cpp" />
    <ClCompile Include="Utils.cpp" />
    <ClCompile Include="models\AiContext.cc" />
    <ClCompile Include="Common\AIMessage.cpp" />
    <ClCompile Include="HttpClient.cpp" />
    <ClCompile Include="controllers\UserController.cpp" />
    <ClCompile Include="models\Block.cc" />
    <ClCompile Include="models\FriendRequests.cc" />
    <ClCompile Include="models\Friendships.cc" />
    <ClCompile Include="models\Notifications.cc" />
    <ClCompile Include="models\RelationshipEvent.cc" />
    <ClCompile Include="controllers\RelationshipController.cpp" />
    <ClCompile Include="Data\SQLiteRelationshipRepository.cpp" />
    <ClCompile Include="Service\RelationshipService.cpp" />
    <ClCompile Include="Common\Notice.cpp" />
    <ClCompile Include="Service\RedisService.cpp" />
  </ItemGroup>
  <ItemGroup>
    <ClInclude Include="middleware\CORSMiddleware.h" />
    <ClInclude Include="Common\ChatMessage.h" />
    <ClInclude Include="Common\ChatThread.h" />
    <ClInclude Include="Common\Convert.h" />
    <ClInclude Include="Container.h" />
    <ClInclude Include="Common\AIRequestMsg.h" />
    <ClInclude Include="const.h" />
    <ClInclude Include="controllers\Authentication.h" />
    <ClInclude Include="controllers\FileController.h" />
    <ClInclude Include="Data\DbAccessor.h" />
    <ClInclude Include="Data\IUserRepository.h" />
    <ClInclude Include="Data\IMessageRepository.h" />
    <ClInclude Include="Data\IThreadRepository.h" />
    <ClInclude Include="Service\MessageService.h" />
    <ClInclude Include="Service\FileService.h" />
    <ClInclude Include="Service\ConnectionService.h" />
    <ClInclude Include="controllers\ChatController.h" />
    <ClInclude Include="models\AiChats.h" />
    <ClInclude Include="models\GroupChats.h" />
    <ClInclude Include="models\GroupMembers.h" />
    <ClInclude Include="models\Messages.h" />
    <ClInclude Include="models\PrivateChats.h" />
    <ClInclude Include="models\Threads.h" />
    <ClInclude Include="models\Users.h" />
    <ClInclude Include="pch.h" />
    <ClInclude Include="filter\TokenVerifyFilter.h" />
    <ClInclude Include="controllers\ThreadController.h" />
    <ClInclude Include="Data\SQLiteUserRepository.h" />
    <ClInclude Include="Common\User.h" />
    <ClInclude Include="Service\ThreadService.h" />
    <ClInclude Include="Service\UserService.h" />
    <ClInclude Include="Data\SQLiteThreadRepository.h" />
    <ClInclude Include="Data\SQLiteMessageRepository.h" />
    <ClInclude Include="Utils.h" />
    <ClInclude Include="models\AiContext.h" />
    <ClInclude Include="Common\AIMessage.h" />
    <ClInclude Include="HttpClient.h" />
    <ClInclude Include="controllers\UserController.h" />
    <ClInclude Include="middleware\cors.h" />
    <ClInclude Include="models\Block.h" />
    <ClInclude Include="models\FriendRequests.h" />
    <ClInclude Include="models\Friendships.h" />
    <ClInclude Include="models\Notifications.h" />
    <ClInclude Include="models\RelationshipEvent.h" />
    <ClInclude Include="controllers\RelationshipController.h" />
    <ClInclude Include="Data\IRelationshipRepository.h" />
    <ClInclude Include="Data\SQLiteRelationshipRepository.h" />
    <ClInclude Include="Service\RelationshipService.h" />
    <ClInclude Include="Common\Notice.h" />
    <ClInclude Include="Common\Enums.h" />
    <ClInclude Include="Service\RedisService.h" />
  </ItemGroup>
  <ItemGroup>
    <None Include="models\model.json" />
  </ItemGroup>
</Project>